{
  "nodes": {
    "ags": {
      "inputs": {
        "nixpkgs": "nixpkgs"
      },
      "locked": {
        "lastModified": 1702042517,
        "narHash": "sha256-CmmVpQXRc2E5NEV6kg9Ia4picIXKYCciTKgTQwzb6Hs=",
        "owner": "Aylur",
        "repo": "ags",
        "rev": "c3305bca6f7873c6192cce7567f821d85639bc74",
        "type": "github"
      },
      "original": {
        "owner": "Aylur",
        "repo": "ags",
        "type": "github"
      }
    },
    "home-manager": {
      "inputs": {
        "nixpkgs": [
          "nixpkgs"
        ]
      },
      "locked": {
        "lastModified": 1702124454,
        "narHash": "sha256-+lwBEFPxQ8VM3ht6qEcR92A/M9GF6mDtAwKgPI3YgXQ=",
        "owner": "nix-community",
        "repo": "home-manager",
        "rev": "fa91c109b0dd12e680dd29010e262884f7b26186",
        "type": "github"
      },
      "original": {
        "owner": "nix-community",
        "ref": "master",
        "repo": "home-manager",
        "type": "github"
      }
    },
    "nixpkgs": {
      "locked": {
        "lastModified": 1693471703,
        "narHash": "sha256-0l03ZBL8P1P6z8MaSDS/MvuU8E75rVxe5eE1N6gxeTo=",
        "owner": "NixOS",
        "repo": "nixpkgs",
        "rev": "3e52e76b70d5508f3cec70b882a29199f4d1ee85",
        "type": "github"
      },
      "original": {
        "owner": "NixOS",
        "ref": "nixos-unstable",
        "repo": "nixpkgs",
        "type": "github"
      }
    },
    "nixpkgs_2": {
      "locked": {
        "lastModified": 1701718080,
        "narHash": "sha256-6ovz0pG76dE0P170pmmZex1wWcQoeiomUZGggfH9XPs=",
        "owner": "NixOS",
        "repo": "nixpkgs",
        "rev": "2c7f3c0fb7c08a0814627611d9d7d45ab6d75335",
        "type": "github"
      },
      "original": {
        "id": "nixpkgs",
        "ref": "nixos-unstable",
        "type": "indirect"
      }
    },
    "root": {
      "inputs": {
        "ags": "ags",
        "home-manager": "home-manager",
        "nixpkgs": "nixpkgs_2"
      }
    }
  },
  "root": "root",
  "version": 7
}
